<?xml version="1.0" encoding="utf-8"?>
<Project ToolsVersion="4.0" xmlns="http://schemas.microsoft.com/developer/msbuild/2003">
  <ItemGroup>
    <Filter Include="Source Files">
      <UniqueIdentifier>{4FC737F1-C7A5-4376-A066-2A32D752A2FF}</UniqueIdentifier>
      <Extensions>cpp;c;cc;cxx;c++;cppm;ixx;def;odl;idl;hpj;bat;asm;asmx</Extensions>
    </Filter>
    <Filter Include="Header Files">
      <UniqueIdentifier>{93995380-89BD-4b04-88EB-625FBE52EBFB}</UniqueIdentifier>
      <Extensions>h;hh;hpp;hxx;h++;hm;inl;inc;ipp;xsd</Extensions>
    </Filter>
    <Filter Include="Header Files\Resource Files">
      <UniqueIdentifier>{67DA6AB6-F800-4c08-8B7A-83BB121AAD01}</UniqueIdentifier>
      <Extensions>rc;ico;cur;bmp;dlg;rc2;rct;bin;rgs;gif;jpg;jpeg;jpe;resx;tiff;tif;png;wav;mfcribbon-ms</Extensions>
    </Filter>
  </ItemGroup>
  <ItemGroup>
    <ClCompile Include="src\slib.cpp">
      <Filter>Source Files</Filter>
    </ClCompile>
    <ClCompile Include="src\slib_animation.cpp">
      <Filter>Source Files</Filter>
    </ClCompile>
    <ClCompile Include="src\slib_app.cpp">
      <Filter>Source Files</Filter>
    </ClCompile>
    <ClCompile Include="src\slib_default_ressources.cpp">
      <Filter>Source Files</Filter>
    </ClCompile>
    <ClCompile Include="src\slib_draw.cpp">
      <Filter>Source Files</Filter>
    </ClCompile>
    <ClCompile Include="src\slib_hitbox.cpp">
      <Filter>Source Files</Filter>
    </ClCompile>
    <ClCompile Include="src\slib_scene.cpp">
      <Filter>Source Files</Filter>
    </ClCompile>
    <ClCompile Include="src\slib_sound.cpp">
      <Filter>Source Files</Filter>
    </ClCompile>
    <ClCompile Include="src\slib_utilities.cpp">
      <Filter>Source Files</Filter>
    </ClCompile>
  </ItemGroup>
  <ItemGroup>
    <ClInclude Include="include\default_font.h">
      <Filter>Header Files</Filter>
    </ClInclude>
    <ClInclude Include="include\missing_texture.h">
      <Filter>Header Files</Filter>
    </ClInclude>
    <ClInclude Include="include\slib.h">
      <Filter>Header Files</Filter>
    </ClInclude>
    <ClInclude Include="include\slib_animation.h">
      <Filter>Header Files</Filter>
    </ClInclude>
    <ClInclude Include="include\slib_app.h">
      <Filter>Header Files</Filter>
    </ClInclude>
    <ClInclude Include="include\slib_default_ressources.h">
      <Filter>Header Files</Filter>
    </ClInclude>
    <ClInclude Include="include\slib_draw.h">
      <Filter>Header Files</Filter>
    </ClInclude>
    <ClInclude Include="include\slib_hitbox.h">
      <Filter>Header Files</Filter>
    </ClInclude>
    <ClInclude Include="include\slib_node.h">
      <Filter>Header Files</Filter>
    </ClInclude>
    <ClInclude Include="include\slib_scene.h">
      <Filter>Header Files</Filter>
    </ClInclude>
    <ClInclude Include="include\slib_utilities.h">
      <Filter>Header Files</Filter>
    </ClInclude>
    <ClInclude Include="include\slib_ui.h">
      <Filter>Header Files</Filter>
    </ClInclude>
    <ClInclude Include="include\slib_sound.h">
      <Filter>Header Files</Filter>
    </ClInclude>
  </ItemGroup>
</Project>